<?xml version="1.0" encoding="utf-8"?>
<Project ToolsVersion="4.0" xmlns="http://schemas.microsoft.com/developer/msbuild/2003">
  <ItemGroup>
    <Filter Include="src">
      <UniqueIdentifier>{f8a71c9d-0391-48da-b242-27e23c5ae866}</UniqueIdentifier>
    </Filter>
    <Filter Include="res">
      <UniqueIdentifier>{34218be1-e635-425b-98f5-5ab0e6929056}</UniqueIdentifier>
    </Filter>
  </ItemGroup>
  <ItemGroup>
    <ClInclude Include="Resource.h">
      <Filter>src</Filter>
    </ClInclude>
    <ClInclude Include="targetver.h">
      <Filter>src</Filter>
    </ClInclude>
  </ItemGroup>
  <ItemGroup>
    <ClCompile Include="Win32Example.cpp">
      <Filter>src</Filter>
    </ClCompile>
  </ItemGroup>
  <ItemGroup>
    <Image Include="Win32Example.ico">
      <Filter>res</Filter>
    </Image>
    <Image Include="small.ico">
      <Filter>res</Filter>
    </Image>
  </ItemGroup>
  <ItemGroup>
    <ResourceCompile Include="Win32Example.rc">
      <Filter>res</Filter>
    </ResourceCompile>
  </ItemGroup>
</Project>